
Microsoft Visual Studio Solution File, Format Version 12.00
# Visual Studio Version 17
VisualStudioVersion = 17.3.32811.315
MinimumVisualStudioVersion = 10.0.40219.1
Project("{9A19103F-16F7-4668-BE54-9A1E7A4F7556}") = "MovieInfo.WPF", "MovieInfoWPF\MovieInfo.WPF.csproj", "{ADCE1562-A82C-491E-B148-17B56B56F96A}"
EndProject
Project("{9A19103F-16F7-4668-BE54-9A1E7A4F7556}") = "MovieInto.Domain", "MovieIntoWPF.Domain\MovieInto.Domain.csproj", "{9C865120-4F90-4B14-95DE-8FD2DEA0695B}"
EndProject
Project("{9A19103F-16F7-4668-BE54-9A1E7A4F7556}") = "MovieInfo.Data", "MovieInfoWPF.Data\MovieInfo.Data.csproj", "{24CB4417-D066-4B39-B268-4661D58F0AC9}"
EndProject
Project("{9A19103F-16F7-4668-BE54-9A1E7A4F7556}") = "MovieInfo.Service", "MovieInfoWPF.Service\MovieInfo.Service.csproj", "{6B474134-4D42-4CB1-ACD3-1244E1852E68}"
EndProject
Project("{FAE04EC0-301F-11D3-BF4B-00C04F79EFBC}") = "MovieInfo.Console", "MovieInfo.Console\MovieInfo.Console.csproj", "{9D43034E-CBCE-4AA1-B796-DE6C0B900CBC}"
EndProject
Global
	GlobalSection(SolutionConfigurationPlatforms) = preSolution
		Debug|Any CPU = Debug|Any CPU
		Release|Any CPU = Release|Any CPU
	EndGlobalSection
	GlobalSection(ProjectConfigurationPlatforms) = postSolution
		{ADCE1562-A82C-491E-B148-17B56B56F96A}.Debug|Any CPU.ActiveCfg = Debug|Any CPU
		{ADCE1562-A82C-491E-B148-17B56B56F96A}.Debug|Any CPU.Build.0 = Debug|Any CPU
		{ADCE1562-A82C-491E-B148-17B56B56F96A}.Release|Any CPU.ActiveCfg = Release|Any CPU
		{ADCE1562-A82C-491E-B148-17B56B56F96A}.Release|Any CPU.Build.0 = Release|Any CPU
		{9C865120-4F90-4B14-95DE-8FD2DEA0695B}.Debug|Any CPU.ActiveCfg = Debug|Any CPU
		{9C865120-4F90-4B14-95DE-8FD2DEA0695B}.Debug|Any CPU.Build.0 = Debug|Any CPU
		{9C865120-4F90-4B14-95DE-8FD2DEA0695B}.Release|Any CPU.ActiveCfg = Release|Any CPU
		{9C865120-4F90-4B14-95DE-8FD2DEA0695B}.Release|Any CPU.Build.0 = Release|Any CPU
		{24CB4417-D066-4B39-B268-4661D58F0AC9}.Debug|Any CPU.ActiveCfg = Debug|Any CPU
		{24CB4417-D066-4B39-B268-4661D58F0AC9}.Debug|Any CPU.Build.0 = Debug|Any CPU
		{24CB4417-D066-4B39-B268-4661D58F0AC9}.Release|Any CPU.ActiveCfg = Release|Any CPU
		{24CB4417-D066-4B39-B268-4661D58F0AC9}.Release|Any CPU.Build.0 = Release|Any CPU
		{6B474134-4D42-4CB1-ACD3-1244E1852E68}.Debug|Any CPU.ActiveCfg = Debug|Any CPU
		{6B474134-4D42-4CB1-ACD3-1244E1852E68}.Debug|Any CPU.Build.0 = Debug|Any CPU
		{6B474134-4D42-4CB1-ACD3-1244E1852E68}.Release|Any CPU.ActiveCfg = Release|Any CPU
		{6B474134-4D42-4CB1-ACD3-1244E1852E68}.Release|Any CPU.Build.0 = Release|Any CPU
		{9D43034E-CBCE-4AA1-B796-DE6C0B900CBC}.Debug|Any CPU.ActiveCfg = Debug|Any CPU
		{9D43034E-CBCE-4AA1-B796-DE6C0B900CBC}.Debug|Any CPU.Build.0 = Debug|Any CPU
		{9D43034E-CBCE-4AA1-B796-DE6C0B900CBC}.Release|Any CPU.ActiveCfg = Release|Any CPU
		{9D43034E-CBCE-4AA1-B796-DE6C0B900CBC}.Release|Any CPU.Build.0 = Release|Any CPU
	EndGlobalSection
	GlobalSection(SolutionProperties) = preSolution
		HideSolutionNode = FALSE
	EndGlobalSection
	GlobalSection(ExtensibilityGlobals) = postSolution
		SolutionGuid = {125D308F-4467-4E06-9EA3-EF01FE04832D}
	EndGlobalSection
EndGlobal
